
Microsoft Visual Studio Solution File, Format Version 12.00
# Visual Studio 15
VisualStudioVersion = 15.0.26228.4
MinimumVisualStudioVersion = 10.0.40219.1
Project("{FAE04EC0-301F-11D3-BF4B-00C04F79EFBC}") = "MyTradyExtension", "MyTradyExtension\MyTradyExtension.csproj", "{92B965C3-8D8F-40E2-8148-AEA8CDBA3C2E}"
EndProject
Project("{FAE04EC0-301F-11D3-BF4B-00C04F79EFBC}") = "ConsoleApp1", "ConsoleApp1\ConsoleApp1.csproj", "{13F33443-017A-48BA-AC92-548F11F710F5}"
EndProject
Project("{FAE04EC0-301F-11D3-BF4B-00C04F79EFBC}") = "MyTradeApp", "MyTradeApp\MyTradeApp.csproj", "{F73EFB09-D076-45B1-93F9-0CA09504B52F}"
EndProject
Project("{FAE04EC0-301F-11D3-BF4B-00C04F79EFBC}") = "Core", "Core\Core.csproj", "{43E2BEEE-A313-4EFB-B977-1584A9D9BA2E}"
EndProject
Project("{FAE04EC0-301F-11D3-BF4B-00C04F79EFBC}") = "UnitTest", "UnitTest\UnitTest.csproj", "{07650307-C002-42DE-841E-4BBBB0047BBF}"
EndProject
Project("{FAE04EC0-301F-11D3-BF4B-00C04F79EFBC}") = "TradeData", "TradeData\TradeData.csproj", "{1C894411-EB41-46E5-8222-1FC410D8592A}"
EndProject
Global
	GlobalSection(SolutionConfigurationPlatforms) = preSolution
		Debug|Any CPU = Debug|Any CPU
		Release|Any CPU = Release|Any CPU
	EndGlobalSection
	GlobalSection(ProjectConfigurationPlatforms) = postSolution
		{92B965C3-8D8F-40E2-8148-AEA8CDBA3C2E}.Debug|Any CPU.ActiveCfg = Debug|Any CPU
		{92B965C3-8D8F-40E2-8148-AEA8CDBA3C2E}.Debug|Any CPU.Build.0 = Debug|Any CPU
		{92B965C3-8D8F-40E2-8148-AEA8CDBA3C2E}.Release|Any CPU.ActiveCfg = Release|Any CPU
		{92B965C3-8D8F-40E2-8148-AEA8CDBA3C2E}.Release|Any CPU.Build.0 = Release|Any CPU
		{13F33443-017A-48BA-AC92-548F11F710F5}.Debug|Any CPU.ActiveCfg = Debug|Any CPU
		{13F33443-017A-48BA-AC92-548F11F710F5}.Debug|Any CPU.Build.0 = Debug|Any CPU
		{13F33443-017A-48BA-AC92-548F11F710F5}.Release|Any CPU.ActiveCfg = Release|Any CPU
		{13F33443-017A-48BA-AC92-548F11F710F5}.Release|Any CPU.Build.0 = Release|Any CPU
		{F73EFB09-D076-45B1-93F9-0CA09504B52F}.Debug|Any CPU.ActiveCfg = Debug|Any CPU
		{F73EFB09-D076-45B1-93F9-0CA09504B52F}.Debug|Any CPU.Build.0 = Debug|Any CPU
		{F73EFB09-D076-45B1-93F9-0CA09504B52F}.Release|Any CPU.ActiveCfg = Release|Any CPU
		{F73EFB09-D076-45B1-93F9-0CA09504B52F}.Release|Any CPU.Build.0 = Release|Any CPU
		{43E2BEEE-A313-4EFB-B977-1584A9D9BA2E}.Debug|Any CPU.ActiveCfg = Debug|Any CPU
		{43E2BEEE-A313-4EFB-B977-1584A9D9BA2E}.Debug|Any CPU.Build.0 = Debug|Any CPU
		{43E2BEEE-A313-4EFB-B977-1584A9D9BA2E}.Release|Any CPU.ActiveCfg = Release|Any CPU
		{43E2BEEE-A313-4EFB-B977-1584A9D9BA2E}.Release|Any CPU.Build.0 = Release|Any CPU
		{07650307-C002-42DE-841E-4BBBB0047BBF}.Debug|Any CPU.ActiveCfg = Debug|Any CPU
		{07650307-C002-42DE-841E-4BBBB0047BBF}.Debug|Any CPU.Build.0 = Debug|Any CPU
		{07650307-C002-42DE-841E-4BBBB0047BBF}.Release|Any CPU.ActiveCfg = Release|Any CPU
		{07650307-C002-42DE-841E-4BBBB0047BBF}.Release|Any CPU.Build.0 = Release|Any CPU
		{1C894411-EB41-46E5-8222-1FC410D8592A}.Debug|Any CPU.ActiveCfg = Debug|Any CPU
		{1C894411-EB41-46E5-8222-1FC410D8592A}.Debug|Any CPU.Build.0 = Debug|Any CPU
		{1C894411-EB41-46E5-8222-1FC410D8592A}.Release|Any CPU.ActiveCfg = Release|Any CPU
		{1C894411-EB41-46E5-8222-1FC410D8592A}.Release|Any CPU.Build.0 = Release|Any CPU
	EndGlobalSection
	GlobalSection(SolutionProperties) = preSolution
		HideSolutionNode = FALSE
	EndGlobalSection
	GlobalSection(ExtensibilityGlobals) = postSolution
		SolutionGuid = {46B9BC4D-C3FF-4974-BCDA-8A4A9DE9A4F8}
	EndGlobalSection
EndGlobal
